
Microsoft Visual Studio Solution File, Format Version 12.00
# Visual Studio 2012
Project("{FAE04EC0-301F-11D3-BF4B-00C04F79EFBC}") = "ZigBeeTool", "ZigBeeTool\ZigBeeTool.csproj", "{50AAD8D2-7CE6-497C-BAB7-0C7B391E15FD}"
EndProject
Global
	GlobalSection(SolutionConfigurationPlatforms) = preSolution
		Debug|Any CPU = Debug|Any CPU
		Release|Any CPU = Release|Any CPU
	EndGlobalSection
	GlobalSection(ProjectConfigurationPlatforms) = postSolution
		{50AAD8D2-7CE6-497C-BAB7-0C7B391E15FD}.Debug|Any CPU.ActiveCfg = Debug|Any CPU
		{50AAD8D2-7CE6-497C-BAB7-0C7B391E15FD}.Debug|Any CPU.Build.0 = Debug|Any CPU
		{50AAD8D2-7CE6-497C-BAB7-0C7B391E15FD}.Release|Any CPU.ActiveCfg = Release|Any CPU
		{50AAD8D2-7CE6-497C-BAB7-0C7B391E15FD}.Release|Any CPU.Build.0 = Release|Any CPU
	EndGlobalSection
	GlobalSection(SolutionProperties) = preSolution
		HideSolutionNode = FALSE
	EndGlobalSection
EndGlobal
